name: Generated proof consumer lock

on:
  push:
    branches: [main]
    paths:
      - 'crates/trust/db-attest/**'
      - 'verification/locks/generated-proofs.json'
      - 'verification/scripts/verify_generated_proofs.py'
      - '.github/workflows/generated-proof-lock.yml'
  pull_request:
    branches: [main]
    paths:
      - 'crates/trust/db-attest/**'
      - 'verification/locks/generated-proofs.json'
      - 'verification/scripts/verify_generated_proofs.py'
      - '.github/workflows/generated-proof-lock.yml'
  workflow_dispatch:

permissions:
  contents: read

jobs:
  verify:
    name: Registry integrity + independent proof replay
    runs-on: ubuntu-latest
    timeout-minutes: 15

    steps:
      - name: Checkout BitcoinPIR
        uses: actions/checkout@3d3c42e5aac5ba805825da76410c181273ba90b1 # v7.0.1
        with:
          persist-credentials: false

      - name: Checkout locked proof registry commit
        uses: actions/checkout@3d3c42e5aac5ba805825da76410c181273ba90b1 # v7.0.1
        with:
          persist-credentials: false
          repository: Bitcoin-PIR/proof-registry
          ref: d122a1842ded181de5f80026ec81523fcc0abdc7
          path: proof-registry

      - name: Install pinned Rust toolchain
        run: rustup toolchain install --profile minimal

      - name: Validate registry lock and replay both proof directories
        run: >-
          python3 verification/scripts/verify_generated_proofs.py
          --registry-root proof-registry
